
Microsoft Visual Studio Solution File, Format Version 12.00
# Visual Studio Version 17
VisualStudioVersion = 17.13.35931.197 d17.13
MinimumVisualStudioVersion = 10.0.40219.1
Project("{FAE04EC0-301F-11D3-BF4B-00C04F79EFBC}") = "CreditScoreCalculator", "CreditScoreCalculator.csproj", "{9B46CDDF-B347-46A5-A14B-08502BDCE19D}"
EndProject
Global
	GlobalSection(SolutionConfigurationPlatforms) = preSolution
		Debug|Any CPU = Debug|Any CPU
		Release|Any CPU = Release|Any CPU
	EndGlobalSection
	GlobalSection(ProjectConfigurationPlatforms) = postSolution
		{9B46CDDF-B347-46A5-A14B-08502BDCE19D}.Debug|Any CPU.ActiveCfg = Debug|Any CPU
		{9B46CDDF-B347-46A5-A14B-08502BDCE19D}.Debug|Any CPU.Build.0 = Debug|Any CPU
		{9B46CDDF-B347-46A5-A14B-08502BDCE19D}.Release|Any CPU.ActiveCfg = Release|Any CPU
		{9B46CDDF-B347-46A5-A14B-08502BDCE19D}.Release|Any CPU.Build.0 = Release|Any CPU
	EndGlobalSection
	GlobalSection(SolutionProperties) = preSolution
		HideSolutionNode = FALSE
	EndGlobalSection
	GlobalSection(ExtensibilityGlobals) = postSolution
		SolutionGuid = {2C309B38-D373-437C-9B2D-B190CC26928C}
	EndGlobalSection
EndGlobal
